
Microsoft Visual Studio Solution File, Format Version 12.00
# Visual Studio Version 17
VisualStudioVersion = 17.4.33110.190
MinimumVisualStudioVersion = 10.0.40219.1
Project("{FAE04EC0-301F-11D3-BF4B-00C04F79EFBC}") = "Task_1_Console_Calculator", "Task_1_Console_Calculator\Task_1_Console_Calculator.csproj", "{02EC0872-4612-4D94-96CF-6AA54FAD27DC}"
EndProject
Global
	GlobalSection(SolutionConfigurationPlatforms) = preSolution
		Debug|Any CPU = Debug|Any CPU
		Release|Any CPU = Release|Any CPU
	EndGlobalSection
	GlobalSection(ProjectConfigurationPlatforms) = postSolution
		{02EC0872-4612-4D94-96CF-6AA54FAD27DC}.Debug|Any CPU.ActiveCfg = Debug|Any CPU
		{02EC0872-4612-4D94-96CF-6AA54FAD27DC}.Debug|Any CPU.Build.0 = Debug|Any CPU
		{02EC0872-4612-4D94-96CF-6AA54FAD27DC}.Release|Any CPU.ActiveCfg = Release|Any CPU
		{02EC0872-4612-4D94-96CF-6AA54FAD27DC}.Release|Any CPU.Build.0 = Release|Any CPU
	EndGlobalSection
	GlobalSection(SolutionProperties) = preSolution
		HideSolutionNode = FALSE
	EndGlobalSection
	GlobalSection(ExtensibilityGlobals) = postSolution
		SolutionGuid = {3487CF12-798B-4893-A4C4-7568BCA4C16D}
	EndGlobalSection
EndGlobal
